
Microsoft Visual Studio Solution File, Format Version 11.00
# Visual Studio 2010
Project("{159641D6-6404-4A2A-AE62-294DE0FE8301}") = "PerfmonCollector", "PerfmonCollector\PerfmonCollector.dtproj", "{28DFA869-04EA-4912-B7D3-3F33370ABEDE}"
EndProject
Global
	GlobalSection(SolutionConfigurationPlatforms) = preSolution
		Development|Default = Development|Default
	EndGlobalSection
	GlobalSection(ProjectConfigurationPlatforms) = postSolution
		{28DFA869-04EA-4912-B7D3-3F33370ABEDE}.Development|Default.ActiveCfg = Development
		{28DFA869-04EA-4912-B7D3-3F33370ABEDE}.Development|Default.Build.0 = Development
	EndGlobalSection
	GlobalSection(SolutionProperties) = preSolution
		HideSolutionNode = FALSE
	EndGlobalSection
EndGlobal
